
Microsoft Visual Studio Solution File, Format Version 12.00
# Visual Studio Version 18
VisualStudioVersion = 18.0.11123.170 d18.0
MinimumVisualStudioVersion = 10.0.40219.1
Project("{FAE04EC0-301F-11D3-BF4B-00C04F79EFBC}") = "API_PRODUCAO", "API_PRODUCAO.csproj", "{CF22ABA4-A685-4F36-81C0-893BBB98681E}"
	ProjectSection(ProjectDependencies) = postProject
		{DF31306A-0AF4-0431-2833-4B459B899D40} = {DF31306A-0AF4-0431-2833-4B459B899D40}
	EndProjectSection
EndProject
Project("{FAE04EC0-301F-11D3-BF4B-00C04F79EFBC}") = "Valedourado.Shared", "..\Valedourado.Shared\Valedourado.Shared.csproj", "{DF31306A-0AF4-0431-2833-4B459B899D40}"
EndProject
Global
	GlobalSection(SolutionConfigurationPlatforms) = preSolution
		Debug|Any CPU = Debug|Any CPU
		Release|Any CPU = Release|Any CPU
	EndGlobalSection
	GlobalSection(ProjectConfigurationPlatforms) = postSolution
		{CF22ABA4-A685-4F36-81C0-893BBB98681E}.Debug|Any CPU.ActiveCfg = Debug|Any CPU
		{CF22ABA4-A685-4F36-81C0-893BBB98681E}.Debug|Any CPU.Build.0 = Debug|Any CPU
		{CF22ABA4-A685-4F36-81C0-893BBB98681E}.Release|Any CPU.ActiveCfg = Release|Any CPU
		{CF22ABA4-A685-4F36-81C0-893BBB98681E}.Release|Any CPU.Build.0 = Release|Any CPU
		{DF31306A-0AF4-0431-2833-4B459B899D40}.Debug|Any CPU.ActiveCfg = Debug|Any CPU
		{DF31306A-0AF4-0431-2833-4B459B899D40}.Debug|Any CPU.Build.0 = Debug|Any CPU
		{DF31306A-0AF4-0431-2833-4B459B899D40}.Release|Any CPU.ActiveCfg = Release|Any CPU
		{DF31306A-0AF4-0431-2833-4B459B899D40}.Release|Any CPU.Build.0 = Release|Any CPU
	EndGlobalSection
	GlobalSection(SolutionProperties) = preSolution
		HideSolutionNode = FALSE
	EndGlobalSection
	GlobalSection(ExtensibilityGlobals) = postSolution
		SolutionGuid = {C4035032-1061-4F77-9069-F4B33C7C0971}
	EndGlobalSection
EndGlobal
